
Microsoft Visual Studio Solution File, Format Version 12.00
# Visual Studio 15
VisualStudioVersion = 15.0.27428.2037
MinimumVisualStudioVersion = 10.0.40219.1
Project("{FAE04EC0-301F-11D3-BF4B-00C04F79EFBC}") = "CSharpProjectWAccounts", "CSharpProjectWAccounts\CSharpProjectWAccounts.csproj", "{84DBC1D3-B00D-4405-9BC4-3D5CE4384C15}"
EndProject
Global
	GlobalSection(SolutionConfigurationPlatforms) = preSolution
		Debug|Any CPU = Debug|Any CPU
		Release|Any CPU = Release|Any CPU
	EndGlobalSection
	GlobalSection(ProjectConfigurationPlatforms) = postSolution
		{84DBC1D3-B00D-4405-9BC4-3D5CE4384C15}.Debug|Any CPU.ActiveCfg = Debug|Any CPU
		{84DBC1D3-B00D-4405-9BC4-3D5CE4384C15}.Debug|Any CPU.Build.0 = Debug|Any CPU
		{84DBC1D3-B00D-4405-9BC4-3D5CE4384C15}.Release|Any CPU.ActiveCfg = Release|Any CPU
		{84DBC1D3-B00D-4405-9BC4-3D5CE4384C15}.Release|Any CPU.Build.0 = Release|Any CPU
	EndGlobalSection
	GlobalSection(SolutionProperties) = preSolution
		HideSolutionNode = FALSE
	EndGlobalSection
	GlobalSection(ExtensibilityGlobals) = postSolution
		SolutionGuid = {5FE5E5B9-8DB8-462F-863A-57246D6719D3}
	EndGlobalSection
EndGlobal
